
Microsoft Visual Studio Solution File, Format Version 11.00
# Visual Studio 2010
Project("{FAE04EC0-301F-11D3-BF4B-00C04F79EFBC}") = "Assembly-CSharp", "Assembly-CSharp.csproj", "{a8d52784-4e23-224d-4c20-bf3f2dc6ec9e}"
EndProject
Global
	GlobalSection(SolutionConfigurationPlatforms) = preSolution
		Debug|Any CPU = Debug|Any CPU
		Release|Any CPU = Release|Any CPU
	EndGlobalSection
	GlobalSection(ProjectConfigurationPlatforms) = postSolution
		{a8d52784-4e23-224d-4c20-bf3f2dc6ec9e}.Debug|Any CPU.ActiveCfg = Debug|Any CPU
		{a8d52784-4e23-224d-4c20-bf3f2dc6ec9e}.Debug|Any CPU.Build.0 = Debug|Any CPU
		{a8d52784-4e23-224d-4c20-bf3f2dc6ec9e}.Release|Any CPU.ActiveCfg = Release|Any CPU
		{a8d52784-4e23-224d-4c20-bf3f2dc6ec9e}.Release|Any CPU.Build.0 = Release|Any CPU
	EndGlobalSection
	GlobalSection(SolutionProperties) = preSolution
		HideSolutionNode = FALSE
	EndGlobalSection
EndGlobal
